
Microsoft Visual Studio Solution File, Format Version 12.00
# Visual Studio 15
VisualStudioVersion = 15.0.28307.489
MinimumVisualStudioVersion = 10.0.40219.1
Project("{FAE04EC0-301F-11D3-BF4B-00C04F79EFBC}") = "testApp", "testApp\testApp.csproj", "{89059F5D-9EB2-49C3-BA88-EEAAF644A425}"
EndProject
Global
	GlobalSection(SolutionConfigurationPlatforms) = preSolution
		Debug|Any CPU = Debug|Any CPU
		Release|Any CPU = Release|Any CPU
	EndGlobalSection
	GlobalSection(ProjectConfigurationPlatforms) = postSolution
		{89059F5D-9EB2-49C3-BA88-EEAAF644A425}.Debug|Any CPU.ActiveCfg = Debug|Any CPU
		{89059F5D-9EB2-49C3-BA88-EEAAF644A425}.Debug|Any CPU.Build.0 = Debug|Any CPU
		{89059F5D-9EB2-49C3-BA88-EEAAF644A425}.Release|Any CPU.ActiveCfg = Release|Any CPU
		{89059F5D-9EB2-49C3-BA88-EEAAF644A425}.Release|Any CPU.Build.0 = Release|Any CPU
	EndGlobalSection
	GlobalSection(SolutionProperties) = preSolution
		HideSolutionNode = FALSE
	EndGlobalSection
	GlobalSection(ExtensibilityGlobals) = postSolution
		SolutionGuid = {51FD8F4A-6BA6-4E28-AB53-D9225A73CB0D}
	EndGlobalSection
EndGlobal
